
Microsoft Visual Studio Solution File, Format Version 12.00
# Visual Studio Version 17
VisualStudioVersion = 17.5.002.0
MinimumVisualStudioVersion = 10.0.40219.1
Project("{9A19103F-16F7-4668-BE54-9A1E7A4F7556}") = "csharp-simple-cli-app", "csharp-simple-cli-app.csproj", "{286ADE43-673A-4BDD-B880-572039BE5981}"
EndProject
Project("{FAE04EC0-301F-11D3-BF4B-00C04F79EFBC}") = "Program.Tests", "Program.Tests\Program.Tests.csproj", "{61CB2313-840D-46A9-A7C9-21123056741A}"
EndProject
Global
	GlobalSection(SolutionConfigurationPlatforms) = preSolution
		Debug|Any CPU = Debug|Any CPU
		Release|Any CPU = Release|Any CPU
	EndGlobalSection
	GlobalSection(ProjectConfigurationPlatforms) = postSolution
		{286ADE43-673A-4BDD-B880-572039BE5981}.Debug|Any CPU.ActiveCfg = Debug|Any CPU
		{286ADE43-673A-4BDD-B880-572039BE5981}.Debug|Any CPU.Build.0 = Debug|Any CPU
		{286ADE43-673A-4BDD-B880-572039BE5981}.Release|Any CPU.ActiveCfg = Release|Any CPU
		{286ADE43-673A-4BDD-B880-572039BE5981}.Release|Any CPU.Build.0 = Release|Any CPU
		{61CB2313-840D-46A9-A7C9-21123056741A}.Debug|Any CPU.ActiveCfg = Debug|Any CPU
		{61CB2313-840D-46A9-A7C9-21123056741A}.Debug|Any CPU.Build.0 = Debug|Any CPU
		{61CB2313-840D-46A9-A7C9-21123056741A}.Release|Any CPU.ActiveCfg = Release|Any CPU
		{61CB2313-840D-46A9-A7C9-21123056741A}.Release|Any CPU.Build.0 = Release|Any CPU
	EndGlobalSection
	GlobalSection(SolutionProperties) = preSolution
		HideSolutionNode = FALSE
	EndGlobalSection
	GlobalSection(ExtensibilityGlobals) = postSolution
		SolutionGuid = {6ABE2CA3-1AF9-40A7-9A88-A7E99509C264}
	EndGlobalSection
EndGlobal
